Microsoft Visual Studio Solution File, Format Version 12.00
# Visual Studio Version 17
VisualStudioVersion = 17.5.2.0
MinimumVisualStudioVersion = 10.0.40219.1
Project("{FAE04EC0-301F-11D3-BF4B-00C04F79EFBC}") = "FileFlow.API", "FileFlow.API\FileFlow.API.csproj", "{EEBD9B0F-258F-D840-1E39-A6065A6B35DD}"
EndProject
Project("{FAE04EC0-301F-11D3-BF4B-00C04F79EFBC}") = "FileFlow.Tests", "FileFlow.Tests\FileFlow.Tests.csproj", "{FBAED34D-9096-421D-A3E9-FA5BB00ECA87}"
EndProject
Global
	GlobalSection(SolutionConfigurationPlatforms) = preSolution
		Debug|Any CPU = Debug|Any CPU
		Release|Any CPU = Release|Any CPU
	EndGlobalSection
	GlobalSection(ProjectConfigurationPlatforms) = postSolution
		{EEBD9B0F-258F-D840-1E39-A6065A6B35DD}.Debug|Any CPU.ActiveCfg = Debug|Any CPU
		{EEBD9B0F-258F-D840-1E39-A6065A6B35DD}.Debug|Any CPU.Build.0 = Debug|Any CPU
		{EEBD9B0F-258F-D840-1E39-A6065A6B35DD}.Release|Any CPU.ActiveCfg = Release|Any CPU
		{EEBD9B0F-258F-D840-1E39-A6065A6B35DD}.Release|Any CPU.Build.0 = Release|Any CPU
		{FBAED34D-9096-421D-A3E9-FA5BB00ECA87}.Debug|Any CPU.ActiveCfg = Debug|Any CPU
		{FBAED34D-9096-421D-A3E9-FA5BB00ECA87}.Debug|Any CPU.Build.0 = Debug|Any CPU
		{FBAED34D-9096-421D-A3E9-FA5BB00ECA87}.Release|Any CPU.ActiveCfg = Release|Any CPU
		{FBAED34D-9096-421D-A3E9-FA5BB00ECA87}.Release|Any CPU.Build.0 = Release|Any CPU
	EndGlobalSection
	GlobalSection(SolutionProperties) = preSolution
		HideSolutionNode = FALSE
	EndGlobalSection
	GlobalSection(ExtensibilityGlobals) = postSolution
		SolutionGuid = {8BEAB8A9-30C8-45A4-9E3A-B0BB3047BD8B}
	EndGlobalSection
EndGlobal
